
Microsoft Visual Studio Solution File, Format Version 12.00
# Visual Studio Version 17
VisualStudioVersion = 17.9.34622.214
MinimumVisualStudioVersion = 10.0.40219.1
Project("{FAE04EC0-301F-11D3-BF4B-00C04F79EFBC}") = "Checkers", "Checkers\Checkers.csproj", "{A1B92226-18AE-456E-8932-386B6EE991EA}"
EndProject
Global
	GlobalSection(SolutionConfigurationPlatforms) = preSolution
		Debug|Any CPU = Debug|Any CPU
		Release|Any CPU = Release|Any CPU
	EndGlobalSection
	GlobalSection(ProjectConfigurationPlatforms) = postSolution
		{A1B92226-18AE-456E-8932-386B6EE991EA}.Debug|Any CPU.ActiveCfg = Debug|Any CPU
		{A1B92226-18AE-456E-8932-386B6EE991EA}.Debug|Any CPU.Build.0 = Debug|Any CPU
		{A1B92226-18AE-456E-8932-386B6EE991EA}.Release|Any CPU.ActiveCfg = Release|Any CPU
		{A1B92226-18AE-456E-8932-386B6EE991EA}.Release|Any CPU.Build.0 = Release|Any CPU
	EndGlobalSection
	GlobalSection(SolutionProperties) = preSolution
		HideSolutionNode = FALSE
	EndGlobalSection
	GlobalSection(ExtensibilityGlobals) = postSolution
		SolutionGuid = {B1602712-1F0A-410E-8C58-4D7B5E141CAD}
	EndGlobalSection
EndGlobal
